
Microsoft Visual Studio Solution File, Format Version 12.00
# Visual Studio Version 17
VisualStudioVersion = 17.4.33205.214
MinimumVisualStudioVersion = 10.0.40219.1
Project("{FAE04EC0-301F-11D3-BF4B-00C04F79EFBC}") = "Prognose, examenoefening", "Prognose, examenoefening\Prognose, examenoefening.csproj", "{B568712F-F9F9-423B-AB86-80EC16027E1D}"
EndProject
Global
	GlobalSection(SolutionConfigurationPlatforms) = preSolution
		Debug|Any CPU = Debug|Any CPU
		Release|Any CPU = Release|Any CPU
	EndGlobalSection
	GlobalSection(ProjectConfigurationPlatforms) = postSolution
		{B568712F-F9F9-423B-AB86-80EC16027E1D}.Debug|Any CPU.ActiveCfg = Debug|Any CPU
		{B568712F-F9F9-423B-AB86-80EC16027E1D}.Debug|Any CPU.Build.0 = Debug|Any CPU
		{B568712F-F9F9-423B-AB86-80EC16027E1D}.Release|Any CPU.ActiveCfg = Release|Any CPU
		{B568712F-F9F9-423B-AB86-80EC16027E1D}.Release|Any CPU.Build.0 = Release|Any CPU
	EndGlobalSection
	GlobalSection(SolutionProperties) = preSolution
		HideSolutionNode = FALSE
	EndGlobalSection
	GlobalSection(ExtensibilityGlobals) = postSolution
		SolutionGuid = {FD429F88-A7F0-4151-8159-EFCF4FCE53CF}
	EndGlobalSection
EndGlobal
