
Microsoft Visual Studio Solution File, Format Version 12.00
# Visual Studio Version 17
VisualStudioVersion = 17.4.33205.214
MinimumVisualStudioVersion = 10.0.40219.1
Project("{FAE04EC0-301F-11D3-BF4B-00C04F79EFBC}") = "Arrays", "Arrays\Arrays.csproj", "{C1607BD2-C15D-414F-8478-97F6026409F0}"
EndProject
Global
	GlobalSection(SolutionConfigurationPlatforms) = preSolution
		Debug|Any CPU = Debug|Any CPU
		Release|Any CPU = Release|Any CPU
	EndGlobalSection
	GlobalSection(ProjectConfigurationPlatforms) = postSolution
		{C1607BD2-C15D-414F-8478-97F6026409F0}.Debug|Any CPU.ActiveCfg = Debug|Any CPU
		{C1607BD2-C15D-414F-8478-97F6026409F0}.Debug|Any CPU.Build.0 = Debug|Any CPU
		{C1607BD2-C15D-414F-8478-97F6026409F0}.Release|Any CPU.ActiveCfg = Release|Any CPU
		{C1607BD2-C15D-414F-8478-97F6026409F0}.Release|Any CPU.Build.0 = Release|Any CPU
	EndGlobalSection
	GlobalSection(SolutionProperties) = preSolution
		HideSolutionNode = FALSE
	EndGlobalSection
	GlobalSection(ExtensibilityGlobals) = postSolution
		SolutionGuid = {FF1A96B5-8D54-483F-B2A8-D24CC5ADFE29}
	EndGlobalSection
EndGlobal
