
Microsoft Visual Studio Solution File, Format Version 12.00
# Visual Studio Version 17
VisualStudioVersion = 17.3.32901.215
MinimumVisualStudioVersion = 10.0.40219.1
Project("{FAE04EC0-301F-11D3-BF4B-00C04F79EFBC}") = "Snelheidsordening", "Snelheidsordening\Snelheidsordening.csproj", "{BEA90998-7770-4201-81EA-427C62FE981E}"
EndProject
Global
	GlobalSection(SolutionConfigurationPlatforms) = preSolution
		Debug|Any CPU = Debug|Any CPU
		Release|Any CPU = Release|Any CPU
	EndGlobalSection
	GlobalSection(ProjectConfigurationPlatforms) = postSolution
		{BEA90998-7770-4201-81EA-427C62FE981E}.Debug|Any CPU.ActiveCfg = Debug|Any CPU
		{BEA90998-7770-4201-81EA-427C62FE981E}.Debug|Any CPU.Build.0 = Debug|Any CPU
		{BEA90998-7770-4201-81EA-427C62FE981E}.Release|Any CPU.ActiveCfg = Release|Any CPU
		{BEA90998-7770-4201-81EA-427C62FE981E}.Release|Any CPU.Build.0 = Release|Any CPU
	EndGlobalSection
	GlobalSection(SolutionProperties) = preSolution
		HideSolutionNode = FALSE
	EndGlobalSection
	GlobalSection(ExtensibilityGlobals) = postSolution
		SolutionGuid = {CE56A601-4C5A-416A-AA4C-240765EB7935}
	EndGlobalSection
EndGlobal
