
Microsoft Visual Studio Solution File, Format Version 12.00
# Visual Studio Version 17
VisualStudioVersion = 17.3.32901.215
MinimumVisualStudioVersion = 10.0.40219.1
Project("{FAE04EC0-301F-11D3-BF4B-00C04F79EFBC}") = "6.Weddeberekening", "6.Weddeberekening\6.Weddeberekening.csproj", "{92E78E26-879D-41E9-A90B-A6E7EC3A5DCF}"
EndProject
Global
	GlobalSection(SolutionConfigurationPlatforms) = preSolution
		Debug|Any CPU = Debug|Any CPU
		Release|Any CPU = Release|Any CPU
	EndGlobalSection
	GlobalSection(ProjectConfigurationPlatforms) = postSolution
		{92E78E26-879D-41E9-A90B-A6E7EC3A5DCF}.Debug|Any CPU.ActiveCfg = Debug|Any CPU
		{92E78E26-879D-41E9-A90B-A6E7EC3A5DCF}.Debug|Any CPU.Build.0 = Debug|Any CPU
		{92E78E26-879D-41E9-A90B-A6E7EC3A5DCF}.Release|Any CPU.ActiveCfg = Release|Any CPU
		{92E78E26-879D-41E9-A90B-A6E7EC3A5DCF}.Release|Any CPU.Build.0 = Release|Any CPU
	EndGlobalSection
	GlobalSection(SolutionProperties) = preSolution
		HideSolutionNode = FALSE
	EndGlobalSection
	GlobalSection(ExtensibilityGlobals) = postSolution
		SolutionGuid = {A8821158-EF57-4584-9289-53F545A90FBC}
	EndGlobalSection
EndGlobal
