
Microsoft Visual Studio Solution File, Format Version 12.00
# Visual Studio Version 17
VisualStudioVersion = 17.3.32901.215
MinimumVisualStudioVersion = 10.0.40219.1
Project("{FAE04EC0-301F-11D3-BF4B-00C04F79EFBC}") = "Reaction Speed", "Reaction Speed\Reaction Speed.csproj", "{821D3EA7-0279-40B9-875B-B3DDCAF92D51}"
EndProject
Global
	GlobalSection(SolutionConfigurationPlatforms) = preSolution
		Debug|Any CPU = Debug|Any CPU
		Release|Any CPU = Release|Any CPU
	EndGlobalSection
	GlobalSection(ProjectConfigurationPlatforms) = postSolution
		{821D3EA7-0279-40B9-875B-B3DDCAF92D51}.Debug|Any CPU.ActiveCfg = Debug|Any CPU
		{821D3EA7-0279-40B9-875B-B3DDCAF92D51}.Debug|Any CPU.Build.0 = Debug|Any CPU
		{821D3EA7-0279-40B9-875B-B3DDCAF92D51}.Release|Any CPU.ActiveCfg = Release|Any CPU
		{821D3EA7-0279-40B9-875B-B3DDCAF92D51}.Release|Any CPU.Build.0 = Release|Any CPU
	EndGlobalSection
	GlobalSection(SolutionProperties) = preSolution
		HideSolutionNode = FALSE
	EndGlobalSection
	GlobalSection(ExtensibilityGlobals) = postSolution
		SolutionGuid = {0BE94396-8BCB-4F3C-BEC1-B7559853E36D}
	EndGlobalSection
EndGlobal
