
Microsoft Visual Studio Solution File, Format Version 12.00
# Visual Studio Version 17
VisualStudioVersion = 17.3.32901.215
MinimumVisualStudioVersion = 10.0.40219.1
Project("{FAE04EC0-301F-11D3-BF4B-00C04F79EFBC}") = "Orkest", "Orkest\Orkest.csproj", "{87C7C2D4-CCFF-400B-AD13-EF32D5338BBB}"
EndProject
Global
	GlobalSection(SolutionConfigurationPlatforms) = preSolution
		Debug|Any CPU = Debug|Any CPU
		Release|Any CPU = Release|Any CPU
	EndGlobalSection
	GlobalSection(ProjectConfigurationPlatforms) = postSolution
		{87C7C2D4-CCFF-400B-AD13-EF32D5338BBB}.Debug|Any CPU.ActiveCfg = Debug|Any CPU
		{87C7C2D4-CCFF-400B-AD13-EF32D5338BBB}.Debug|Any CPU.Build.0 = Debug|Any CPU
		{87C7C2D4-CCFF-400B-AD13-EF32D5338BBB}.Release|Any CPU.ActiveCfg = Release|Any CPU
		{87C7C2D4-CCFF-400B-AD13-EF32D5338BBB}.Release|Any CPU.Build.0 = Release|Any CPU
	EndGlobalSection
	GlobalSection(SolutionProperties) = preSolution
		HideSolutionNode = FALSE
	EndGlobalSection
	GlobalSection(ExtensibilityGlobals) = postSolution
		SolutionGuid = {FA7D5256-446A-48B6-B888-43E3B492BFA5}
	EndGlobalSection
EndGlobal
