
Microsoft Visual Studio Solution File, Format Version 12.00
# Visual Studio Version 17
VisualStudioVersion = 17.3.32901.215
MinimumVisualStudioVersion = 10.0.40219.1
Project("{FAE04EC0-301F-11D3-BF4B-00C04F79EFBC}") = "EuroNaarDollar REDO", "EuroNaarDollar REDO\EuroNaarDollar REDO.csproj", "{11EFA284-D399-4C52-B08D-A9C973C9F27E}"
EndProject
Global
	GlobalSection(SolutionConfigurationPlatforms) = preSolution
		Debug|Any CPU = Debug|Any CPU
		Release|Any CPU = Release|Any CPU
	EndGlobalSection
	GlobalSection(ProjectConfigurationPlatforms) = postSolution
		{11EFA284-D399-4C52-B08D-A9C973C9F27E}.Debug|Any CPU.ActiveCfg = Debug|Any CPU
		{11EFA284-D399-4C52-B08D-A9C973C9F27E}.Debug|Any CPU.Build.0 = Debug|Any CPU
		{11EFA284-D399-4C52-B08D-A9C973C9F27E}.Release|Any CPU.ActiveCfg = Release|Any CPU
		{11EFA284-D399-4C52-B08D-A9C973C9F27E}.Release|Any CPU.Build.0 = Release|Any CPU
	EndGlobalSection
	GlobalSection(SolutionProperties) = preSolution
		HideSolutionNode = FALSE
	EndGlobalSection
	GlobalSection(ExtensibilityGlobals) = postSolution
		SolutionGuid = {2D25D547-C383-4B6F-B827-7977922FD568}
	EndGlobalSection
EndGlobal
