
Microsoft Visual Studio Solution File, Format Version 12.00
# Visual Studio Version 17
VisualStudioVersion = 17.4.33205.214
MinimumVisualStudioVersion = 10.0.40219.1
Project("{FAE04EC0-301F-11D3-BF4B-00C04F79EFBC}") = "examenTool", "examenTool\examenTool.csproj", "{A9DAA17A-3F3F-46FD-824B-A243CA7A4B52}"
EndProject
Global
	GlobalSection(SolutionConfigurationPlatforms) = preSolution
		Debug|Any CPU = Debug|Any CPU
		Release|Any CPU = Release|Any CPU
	EndGlobalSection
	GlobalSection(ProjectConfigurationPlatforms) = postSolution
		{A9DAA17A-3F3F-46FD-824B-A243CA7A4B52}.Debug|Any CPU.ActiveCfg = Debug|Any CPU
		{A9DAA17A-3F3F-46FD-824B-A243CA7A4B52}.Debug|Any CPU.Build.0 = Debug|Any CPU
		{A9DAA17A-3F3F-46FD-824B-A243CA7A4B52}.Release|Any CPU.ActiveCfg = Release|Any CPU
		{A9DAA17A-3F3F-46FD-824B-A243CA7A4B52}.Release|Any CPU.Build.0 = Release|Any CPU
	EndGlobalSection
	GlobalSection(SolutionProperties) = preSolution
		HideSolutionNode = FALSE
	EndGlobalSection
	GlobalSection(ExtensibilityGlobals) = postSolution
		SolutionGuid = {FA8021A8-2DAA-459C-B777-86948D8605B5}
	EndGlobalSection
EndGlobal
