
Microsoft Visual Studio Solution File, Format Version 12.00
# Visual Studio Version 17
VisualStudioVersion = 17.3.32901.215
MinimumVisualStudioVersion = 10.0.40219.1
Project("{FAE04EC0-301F-11D3-BF4B-00C04F79EFBC}") = "teller", "teller\teller.csproj", "{A031DB71-326A-4029-A0B4-73CF1F007D5E}"
EndProject
Global
	GlobalSection(SolutionConfigurationPlatforms) = preSolution
		Debug|Any CPU = Debug|Any CPU
		Release|Any CPU = Release|Any CPU
	EndGlobalSection
	GlobalSection(ProjectConfigurationPlatforms) = postSolution
		{A031DB71-326A-4029-A0B4-73CF1F007D5E}.Debug|Any CPU.ActiveCfg = Debug|Any CPU
		{A031DB71-326A-4029-A0B4-73CF1F007D5E}.Debug|Any CPU.Build.0 = Debug|Any CPU
		{A031DB71-326A-4029-A0B4-73CF1F007D5E}.Release|Any CPU.ActiveCfg = Release|Any CPU
		{A031DB71-326A-4029-A0B4-73CF1F007D5E}.Release|Any CPU.Build.0 = Release|Any CPU
	EndGlobalSection
	GlobalSection(SolutionProperties) = preSolution
		HideSolutionNode = FALSE
	EndGlobalSection
	GlobalSection(ExtensibilityGlobals) = postSolution
		SolutionGuid = {78CA0862-D7EA-4C76-85A1-6A09ED6634E9}
	EndGlobalSection
EndGlobal
