
Microsoft Visual Studio Solution File, Format Version 12.00
# Visual Studio Version 17
VisualStudioVersion = 17.3.32901.215
MinimumVisualStudioVersion = 10.0.40219.1
Project("{FAE04EC0-301F-11D3-BF4B-00C04F79EFBC}") = "7.Reiskost", "7.Reiskost\7.Reiskost.csproj", "{457F3483-871C-493F-A7D9-DD148286FD8C}"
EndProject
Global
	GlobalSection(SolutionConfigurationPlatforms) = preSolution
		Debug|Any CPU = Debug|Any CPU
		Release|Any CPU = Release|Any CPU
	EndGlobalSection
	GlobalSection(ProjectConfigurationPlatforms) = postSolution
		{457F3483-871C-493F-A7D9-DD148286FD8C}.Debug|Any CPU.ActiveCfg = Debug|Any CPU
		{457F3483-871C-493F-A7D9-DD148286FD8C}.Debug|Any CPU.Build.0 = Debug|Any CPU
		{457F3483-871C-493F-A7D9-DD148286FD8C}.Release|Any CPU.ActiveCfg = Release|Any CPU
		{457F3483-871C-493F-A7D9-DD148286FD8C}.Release|Any CPU.Build.0 = Release|Any CPU
	EndGlobalSection
	GlobalSection(SolutionProperties) = preSolution
		HideSolutionNode = FALSE
	EndGlobalSection
	GlobalSection(ExtensibilityGlobals) = postSolution
		SolutionGuid = {AECF6B4F-8CBB-4BF3-9CD8-4A80C0C45940}
	EndGlobalSection
EndGlobal
